
Microsoft Visual Studio Solution File, Format Version 12.00
# Visual Studio 15
VisualStudioVersion = 15.0.28307.489
MinimumVisualStudioVersion = 10.0.40219.1
Project("{FAE04EC0-301F-11D3-BF4B-00C04F79EFBC}") = "pnonedrive", "pnonedrive.csproj", "{F44E8271-11CC-421E-A8BE-F708F7FD2E8D}"
EndProject
Project("{FAE04EC0-301F-11D3-BF4B-00C04F79EFBC}") = "testOneDrive", "testOneDrive\testOneDrive.csproj", "{4D065599-61C9-439E-B80D-66EDFCE56FC0}"
EndProject
Global
	GlobalSection(SolutionConfigurationPlatforms) = preSolution
		Debug|Any CPU = Debug|Any CPU
		Debug|x86 = Debug|x86
		Release|Any CPU = Release|Any CPU
		Release|x86 = Release|x86
	EndGlobalSection
	GlobalSection(ProjectConfigurationPlatforms) = postSolution
		{F44E8271-11CC-421E-A8BE-F708F7FD2E8D}.Debug|Any CPU.ActiveCfg = Debug|Any CPU
		{F44E8271-11CC-421E-A8BE-F708F7FD2E8D}.Debug|Any CPU.Build.0 = Debug|Any CPU
		{F44E8271-11CC-421E-A8BE-F708F7FD2E8D}.Debug|x86.ActiveCfg = Debug|x86
		{F44E8271-11CC-421E-A8BE-F708F7FD2E8D}.Debug|x86.Build.0 = Debug|x86
		{F44E8271-11CC-421E-A8BE-F708F7FD2E8D}.Release|Any CPU.ActiveCfg = Release|Any CPU
		{F44E8271-11CC-421E-A8BE-F708F7FD2E8D}.Release|Any CPU.Build.0 = Release|Any CPU
		{F44E8271-11CC-421E-A8BE-F708F7FD2E8D}.Release|x86.ActiveCfg = Release|x86
		{F44E8271-11CC-421E-A8BE-F708F7FD2E8D}.Release|x86.Build.0 = Release|x86
		{4D065599-61C9-439E-B80D-66EDFCE56FC0}.Debug|Any CPU.ActiveCfg = Debug|Any CPU
		{4D065599-61C9-439E-B80D-66EDFCE56FC0}.Debug|Any CPU.Build.0 = Debug|Any CPU
		{4D065599-61C9-439E-B80D-66EDFCE56FC0}.Debug|x86.ActiveCfg = Debug|Any CPU
		{4D065599-61C9-439E-B80D-66EDFCE56FC0}.Debug|x86.Build.0 = Debug|Any CPU
		{4D065599-61C9-439E-B80D-66EDFCE56FC0}.Release|Any CPU.ActiveCfg = Release|Any CPU
		{4D065599-61C9-439E-B80D-66EDFCE56FC0}.Release|Any CPU.Build.0 = Release|Any CPU
		{4D065599-61C9-439E-B80D-66EDFCE56FC0}.Release|x86.ActiveCfg = Release|Any CPU
		{4D065599-61C9-439E-B80D-66EDFCE56FC0}.Release|x86.Build.0 = Release|Any CPU
	EndGlobalSection
	GlobalSection(SolutionProperties) = preSolution
		HideSolutionNode = FALSE
	EndGlobalSection
	GlobalSection(ExtensibilityGlobals) = postSolution
		SolutionGuid = {492098D6-2FCE-4685-AD6A-27787AE86378}
	EndGlobalSection
	GlobalSection(TeamFoundationVersionControl) = preSolution
		SccNumberOfProjects = 3
		SccEnterpriseProvider = {4CA58AB2-18FA-4F8D-95D4-32DDF27D184C}
		SccTeamFoundationServer = https://andreygruber.visualstudio.com/
		SccLocalPath0 = .
		SccProjectUniqueName1 = pnonedrive.csproj
		SccLocalPath1 = .
		SccProjectUniqueName2 = testOneDrive\\testOneDrive.csproj
		SccProjectName2 = testOneDrive
		SccLocalPath2 = testOneDrive
	EndGlobalSection
EndGlobal
