
Microsoft Visual Studio Solution File, Format Version 12.00
# Visual Studio 2013
VisualStudioVersion = 12.0.31101.0
MinimumVisualStudioVersion = 10.0.40219.1
Project("{FAE04EC0-301F-11D3-BF4B-00C04F79EFBC}") = "PNIPBox", "PNIPBox.csproj", "{49533963-9659-46C8-B894-814A4E2CD4EA}"
EndProject
Project("{FAE04EC0-301F-11D3-BF4B-00C04F79EFBC}") = "TestIp", "TestIp\TestIp.csproj", "{DF451461-F3E1-4616-B0F6-8EC89440C332}"
EndProject
Global
	GlobalSection(TeamFoundationVersionControl) = preSolution
		SccNumberOfProjects = 3
		SccEnterpriseProvider = {4CA58AB2-18FA-4F8D-95D4-32DDF27D184C}
		SccTeamFoundationServer = https://andreygruber.visualstudio.com/defaultcollection
		SccLocalPath0 = .
		SccProjectUniqueName1 = PNIPBox.csproj
		SccLocalPath1 = .
		SccProjectUniqueName2 = TestIp\\TestIp.csproj
		SccProjectName2 = TestIp
		SccLocalPath2 = TestIp
	EndGlobalSection
	GlobalSection(SolutionConfigurationPlatforms) = preSolution
		Debug|Any CPU = Debug|Any CPU
		Release|Any CPU = Release|Any CPU
	EndGlobalSection
	GlobalSection(ProjectConfigurationPlatforms) = postSolution
		{49533963-9659-46C8-B894-814A4E2CD4EA}.Debug|Any CPU.ActiveCfg = Debug|Any CPU
		{49533963-9659-46C8-B894-814A4E2CD4EA}.Debug|Any CPU.Build.0 = Debug|Any CPU
		{49533963-9659-46C8-B894-814A4E2CD4EA}.Release|Any CPU.ActiveCfg = Release|Any CPU
		{49533963-9659-46C8-B894-814A4E2CD4EA}.Release|Any CPU.Build.0 = Release|Any CPU
		{DF451461-F3E1-4616-B0F6-8EC89440C332}.Debug|Any CPU.ActiveCfg = Debug|Any CPU
		{DF451461-F3E1-4616-B0F6-8EC89440C332}.Debug|Any CPU.Build.0 = Debug|Any CPU
		{DF451461-F3E1-4616-B0F6-8EC89440C332}.Release|Any CPU.ActiveCfg = Release|Any CPU
		{DF451461-F3E1-4616-B0F6-8EC89440C332}.Release|Any CPU.Build.0 = Release|Any CPU
	EndGlobalSection
	GlobalSection(SolutionProperties) = preSolution
		HideSolutionNode = FALSE
	EndGlobalSection
EndGlobal
