
Microsoft Visual Studio Solution File, Format Version 12.00
# Visual Studio 2013
VisualStudioVersion = 12.0.40629.0
MinimumVisualStudioVersion = 10.0.40219.1
Project("{FAE04EC0-301F-11D3-BF4B-00C04F79EFBC}") = "WPFStandardStyles", "WPFStandardStyles.csproj", "{11D23A59-AC14-4804-813E-769AC31394D7}"
EndProject
Project("{FAE04EC0-301F-11D3-BF4B-00C04F79EFBC}") = "TestStyles", "TestStyles\TestStyles.csproj", "{2F77F0E1-65BE-4A3A-8988-E529BB51E8B7}"
EndProject
Global
	GlobalSection(TeamFoundationVersionControl) = preSolution
		SccNumberOfProjects = 3
		SccEnterpriseProvider = {4CA58AB2-18FA-4F8D-95D4-32DDF27D184C}
		SccTeamFoundationServer = https://andreygruber.visualstudio.com/
		SccProjectUniqueName0 = TestStyles\\TestStyles.csproj
		SccProjectName0 = TestStyles
		SccLocalPath0 = TestStyles
		SccProjectUniqueName1 = WPFStandardStyles.csproj
		SccLocalPath1 = .
		SccLocalPath2 = .
	EndGlobalSection
	GlobalSection(SolutionConfigurationPlatforms) = preSolution
		Debug|Any CPU = Debug|Any CPU
		Release|Any CPU = Release|Any CPU
	EndGlobalSection
	GlobalSection(ProjectConfigurationPlatforms) = postSolution
		{11D23A59-AC14-4804-813E-769AC31394D7}.Debug|Any CPU.ActiveCfg = Debug|Any CPU
		{11D23A59-AC14-4804-813E-769AC31394D7}.Debug|Any CPU.Build.0 = Debug|Any CPU
		{11D23A59-AC14-4804-813E-769AC31394D7}.Release|Any CPU.ActiveCfg = Release|Any CPU
		{11D23A59-AC14-4804-813E-769AC31394D7}.Release|Any CPU.Build.0 = Release|Any CPU
		{2F77F0E1-65BE-4A3A-8988-E529BB51E8B7}.Debug|Any CPU.ActiveCfg = Debug|Any CPU
		{2F77F0E1-65BE-4A3A-8988-E529BB51E8B7}.Debug|Any CPU.Build.0 = Debug|Any CPU
		{2F77F0E1-65BE-4A3A-8988-E529BB51E8B7}.Release|Any CPU.ActiveCfg = Release|Any CPU
		{2F77F0E1-65BE-4A3A-8988-E529BB51E8B7}.Release|Any CPU.Build.0 = Release|Any CPU
	EndGlobalSection
	GlobalSection(SolutionProperties) = preSolution
		HideSolutionNode = FALSE
	EndGlobalSection
EndGlobal
