
Microsoft Visual Studio Solution File, Format Version 12.00
# Visual Studio 2013
VisualStudioVersion = 12.0.30501.0
MinimumVisualStudioVersion = 10.0.40219.1
Project("{FAE04EC0-301F-11D3-BF4B-00C04F79EFBC}") = "pnbox", "pnbox.csproj", "{3F7F42A4-D175-492B-89F5-DD5362B1D84B}"
EndProject
Project("{FAE04EC0-301F-11D3-BF4B-00C04F79EFBC}") = "BoxTest", "BoxTest\BoxTest.csproj", "{62C38D89-8552-4839-BB9C-165B97775D73}"
EndProject
Global
	GlobalSection(TeamFoundationVersionControl) = preSolution
		SccNumberOfProjects = 3
		SccEnterpriseProvider = {4CA58AB2-18FA-4F8D-95D4-32DDF27D184C}
		SccTeamFoundationServer = https://andreygruber.visualstudio.com/defaultcollection
		SccLocalPath0 = .
		SccProjectUniqueName1 = pnbox.csproj
		SccLocalPath1 = .
		SccProjectUniqueName2 = BoxTest\\BoxTest.csproj
		SccProjectName2 = BoxTest
		SccLocalPath2 = BoxTest
	EndGlobalSection
	GlobalSection(SolutionConfigurationPlatforms) = preSolution
		Debug|x86 = Debug|x86
		Release|x86 = Release|x86
	EndGlobalSection
	GlobalSection(ProjectConfigurationPlatforms) = postSolution
		{3F7F42A4-D175-492B-89F5-DD5362B1D84B}.Debug|x86.ActiveCfg = Debug|x86
		{3F7F42A4-D175-492B-89F5-DD5362B1D84B}.Debug|x86.Build.0 = Debug|x86
		{3F7F42A4-D175-492B-89F5-DD5362B1D84B}.Release|x86.ActiveCfg = Release|x86
		{3F7F42A4-D175-492B-89F5-DD5362B1D84B}.Release|x86.Build.0 = Release|x86
		{62C38D89-8552-4839-BB9C-165B97775D73}.Debug|x86.ActiveCfg = Debug|x86
		{62C38D89-8552-4839-BB9C-165B97775D73}.Debug|x86.Build.0 = Debug|x86
		{62C38D89-8552-4839-BB9C-165B97775D73}.Release|x86.ActiveCfg = Release|x86
		{62C38D89-8552-4839-BB9C-165B97775D73}.Release|x86.Build.0 = Release|x86
	EndGlobalSection
	GlobalSection(SolutionProperties) = preSolution
		HideSolutionNode = FALSE
	EndGlobalSection
EndGlobal
