
Microsoft Visual Studio Solution File, Format Version 12.00
# Visual Studio 2013
VisualStudioVersion = 12.0.31101.0
MinimumVisualStudioVersion = 10.0.40219.1
Project("{FAE04EC0-301F-11D3-BF4B-00C04F79EFBC}") = "PNDateTimePicker", "PNDateTimePicker.csproj", "{4EA0825E-6454-41C6-92AC-C3349162E3B9}"
EndProject
Project("{FAE04EC0-301F-11D3-BF4B-00C04F79EFBC}") = "TestDatePicker", "TestDatePicker\TestDatePicker.csproj", "{0391C3EE-43EF-40FE-B396-97F43B5FBF44}"
EndProject
Global
	GlobalSection(TeamFoundationVersionControl) = preSolution
		SccNumberOfProjects = 3
		SccEnterpriseProvider = {4CA58AB2-18FA-4F8D-95D4-32DDF27D184C}
		SccTeamFoundationServer = https://andreygruber.visualstudio.com/defaultcollection
		SccLocalPath0 = .
		SccProjectUniqueName1 = PNDateTimePicker.csproj
		SccLocalPath1 = .
		SccProjectUniqueName2 = TestDatePicker\\TestDatePicker.csproj
		SccProjectName2 = TestDatePicker
		SccLocalPath2 = TestDatePicker
	EndGlobalSection
	GlobalSection(SolutionConfigurationPlatforms) = preSolution
		Debug|Any CPU = Debug|Any CPU
		Release|Any CPU = Release|Any CPU
	EndGlobalSection
	GlobalSection(ProjectConfigurationPlatforms) = postSolution
		{4EA0825E-6454-41C6-92AC-C3349162E3B9}.Debug|Any CPU.ActiveCfg = Debug|Any CPU
		{4EA0825E-6454-41C6-92AC-C3349162E3B9}.Debug|Any CPU.Build.0 = Debug|Any CPU
		{4EA0825E-6454-41C6-92AC-C3349162E3B9}.Release|Any CPU.ActiveCfg = Release|Any CPU
		{4EA0825E-6454-41C6-92AC-C3349162E3B9}.Release|Any CPU.Build.0 = Release|Any CPU
		{0391C3EE-43EF-40FE-B396-97F43B5FBF44}.Debug|Any CPU.ActiveCfg = Debug|Any CPU
		{0391C3EE-43EF-40FE-B396-97F43B5FBF44}.Debug|Any CPU.Build.0 = Debug|Any CPU
		{0391C3EE-43EF-40FE-B396-97F43B5FBF44}.Release|Any CPU.ActiveCfg = Release|Any CPU
		{0391C3EE-43EF-40FE-B396-97F43B5FBF44}.Release|Any CPU.Build.0 = Release|Any CPU
	EndGlobalSection
	GlobalSection(SolutionProperties) = preSolution
		HideSolutionNode = FALSE
	EndGlobalSection
EndGlobal
